
Microsoft Visual Studio Solution File, Format Version 12.00
# Visual Studio Version 17
VisualStudioVersion = 17.11.35312.102
MinimumVisualStudioVersion = 10.0.40219.1
Project("{FAE04EC0-301F-11D3-BF4B-00C04F79EFBC}") = "Tik-Tak-Toe-Game", "Tik-Tak-Toe-Game\Tik-Tak-Toe-Game.csproj", "{AE02CAAA-C4BC-44A3-91EC-F0864FA72569}"
EndProject
Global
	GlobalSection(SolutionConfigurationPlatforms) = preSolution
		Debug|Any CPU = Debug|Any CPU
		Release|Any CPU = Release|Any CPU
	EndGlobalSection
	GlobalSection(ProjectConfigurationPlatforms) = postSolution
		{AE02CAAA-C4BC-44A3-91EC-F0864FA72569}.Debug|Any CPU.ActiveCfg = Debug|Any CPU
		{AE02CAAA-C4BC-44A3-91EC-F0864FA72569}.Debug|Any CPU.Build.0 = Debug|Any CPU
		{AE02CAAA-C4BC-44A3-91EC-F0864FA72569}.Release|Any CPU.ActiveCfg = Release|Any CPU
		{AE02CAAA-C4BC-44A3-91EC-F0864FA72569}.Release|Any CPU.Build.0 = Release|Any CPU
	EndGlobalSection
	GlobalSection(SolutionProperties) = preSolution
		HideSolutionNode = FALSE
	EndGlobalSection
	GlobalSection(ExtensibilityGlobals) = postSolution
		SolutionGuid = {5007EF37-C91A-4421-871D-657084B1AA25}
	EndGlobalSection
EndGlobal
